
Terraform used the selected providers to generate the following execution
plan. Resource actions are indicated with the following symbols:
  + create

Terraform will perform the following actions:

  # aws_instance.elasticsearch will be created
  + resource "aws_instance" "elasticsearch" {
      + ami                                  = "ami-053b0d53c279acc90"
      + arn                                  = (known after apply)
      + associate_public_ip_address          = (known after apply)
      + availability_zone                    = (known after apply)
      + cpu_core_count                       = (known after apply)
      + cpu_threads_per_core                 = (known after apply)
      + disable_api_stop                     = (known after apply)
      + disable_api_termination              = (known after apply)
      + ebs_optimized                        = (known after apply)
      + get_password_data                    = false
      + host_id                              = (known after apply)
      + host_resource_group_arn              = (known after apply)
      + iam_instance_profile                 = (known after apply)
      + id                                   = (known after apply)
      + instance_initiated_shutdown_behavior = (known after apply)
      + instance_state                       = (known after apply)
      + instance_type                        = "m5.large"
      + ipv6_address_count                   = (known after apply)
      + ipv6_addresses                       = (known after apply)
      + key_name                             = "projektwirt"
      + monitoring                           = (known after apply)
      + outpost_arn                          = (known after apply)
      + password_data                        = (known after apply)
      + placement_group                      = (known after apply)
      + placement_partition_number           = (known after apply)
      + primary_network_interface_id         = (known after apply)
      + private_dns                          = (known after apply)
      + private_ip                           = (known after apply)
      + public_dns                           = (known after apply)
      + public_ip                            = (known after apply)
      + secondary_private_ips                = (known after apply)
      + security_groups                      = (known after apply)
      + source_dest_check                    = true
      + subnet_id                            = (known after apply)
      + tags                                 = {
          + "Name" = "Elasticsearch instance"
        }
      + tags_all                             = {
          + "Name" = "Elasticsearch instance"
        }
      + tenancy                              = (known after apply)
      + user_data                            = "c5c00b24436c133672a8020cc2a67296c9317d5d"
      + user_data_base64                     = (known after apply)
      + user_data_replace_on_change          = false
      + vpc_security_group_ids               = (known after apply)

      + ebs_block_device {
          + delete_on_termination = true
          + device_name           = "/dev/sdb"
          + encrypted             = (known after apply)
          + iops                  = 500
          + kms_key_id            = (known after apply)
          + snapshot_id           = (known after apply)
          + throughput            = (known after apply)
          + volume_id             = (known after apply)
          + volume_size           = 20
          + volume_type           = "io2"
        }
    }

  # aws_instance.kibana will be created
  + resource "aws_instance" "kibana" {
      + ami                                  = "ami-053b0d53c279acc90"
      + arn                                  = (known after apply)
      + associate_public_ip_address          = (known after apply)
      + availability_zone                    = (known after apply)
      + cpu_core_count                       = (known after apply)
      + cpu_threads_per_core                 = (known after apply)
      + disable_api_stop                     = (known after apply)
      + disable_api_termination              = (known after apply)
      + ebs_optimized                        = (known after apply)
      + get_password_data                    = false
      + host_id                              = (known after apply)
      + host_resource_group_arn              = (known after apply)
      + iam_instance_profile                 = (known after apply)
      + id                                   = (known after apply)
      + instance_initiated_shutdown_behavior = (known after apply)
      + instance_state                       = (known after apply)
      + instance_type                        = "m5.large"
      + ipv6_address_count                   = (known after apply)
      + ipv6_addresses                       = (known after apply)
      + key_name                             = "projektwirt"
      + monitoring                           = (known after apply)
      + outpost_arn                          = (known after apply)
      + password_data                        = (known after apply)
      + placement_group                      = (known after apply)
      + placement_partition_number           = (known after apply)
      + primary_network_interface_id         = (known after apply)
      + private_dns                          = (known after apply)
      + private_ip                           = (known after apply)
      + public_dns                           = (known after apply)
      + public_ip                            = (known after apply)
      + secondary_private_ips                = (known after apply)
      + security_groups                      = (known after apply)
      + source_dest_check                    = true
      + subnet_id                            = (known after apply)
      + tags                                 = {
          + "Name" = "Kibana instance"
        }
      + tags_all                             = {
          + "Name" = "Kibana instance"
        }
      + tenancy                              = (known after apply)
      + user_data                            = (known after apply)
      + user_data_base64                     = (known after apply)
      + user_data_replace_on_change          = false
      + vpc_security_group_ids               = (known after apply)

      + ebs_block_device {
          + delete_on_termination = true
          + device_name           = "/dev/sdb"
          + encrypted             = (known after apply)
          + iops                  = 500
          + kms_key_id            = (known after apply)
          + snapshot_id           = (known after apply)
          + throughput            = (known after apply)
          + volume_id             = (known after apply)
          + volume_size           = 10
          + volume_type           = "io1"
        }
    }

  # aws_instance.logstash will be created
  + resource "aws_instance" "logstash" {
      + ami                                  = "ami-053b0d53c279acc90"
      + arn                                  = (known after apply)
      + associate_public_ip_address          = (known after apply)
      + availability_zone                    = (known after apply)
      + cpu_core_count                       = (known after apply)
      + cpu_threads_per_core                 = (known after apply)
      + disable_api_stop                     = (known after apply)
      + disable_api_termination              = (known after apply)
      + ebs_optimized                        = (known after apply)
      + get_password_data                    = false
      + host_id                              = (known after apply)
      + host_resource_group_arn              = (known after apply)
      + iam_instance_profile                 = (known after apply)
      + id                                   = (known after apply)
      + instance_initiated_shutdown_behavior = (known after apply)
      + instance_state                       = (known after apply)
      + instance_type                        = "m5.large"
      + ipv6_address_count                   = (known after apply)
      + ipv6_addresses                       = (known after apply)
      + key_name                             = "projektwirt"
      + monitoring                           = (known after apply)
      + outpost_arn                          = (known after apply)
      + password_data                        = (known after apply)
      + placement_group                      = (known after apply)
      + placement_partition_number           = (known after apply)
      + primary_network_interface_id         = (known after apply)
      + private_dns                          = (known after apply)
      + private_ip                           = (known after apply)
      + public_dns                           = (known after apply)
      + public_ip                            = (known after apply)
      + secondary_private_ips                = (known after apply)
      + security_groups                      = (known after apply)
      + source_dest_check                    = true
      + subnet_id                            = (known after apply)
      + tags                                 = {
          + "Name" = "Logstash instance"
        }
      + tags_all                             = {
          + "Name" = "Logstash instance"
        }
      + tenancy                              = (known after apply)
      + user_data                            = (known after apply)
      + user_data_base64                     = (known after apply)
      + user_data_replace_on_change          = false
      + vpc_security_group_ids               = (known after apply)

      + ebs_block_device {
          + delete_on_termination = true
          + device_name           = "/dev/sdb"
          + encrypted             = (known after apply)
          + iops                  = 500
          + kms_key_id            = (known after apply)
          + snapshot_id           = (known after apply)
          + throughput            = (known after apply)
          + volume_id             = (known after apply)
          + volume_size           = 20
          + volume_type           = "io2"
        }
    }

  # aws_key_pair.elk_auth will be created
  + resource "aws_key_pair" "elk_auth" {
      + arn             = (known after apply)
      + fingerprint     = (known after apply)
      + id              = (known after apply)
      + key_name        = "projektwirt"
      + key_name_prefix = (known after apply)
      + key_pair_id     = (known after apply)
      + key_type        = (known after apply)
      + public_key      = "ssh-rsa AAAAB3NzaC1yc2EAAAADAQABAAABgQDZgbDhciCCZI10J4RalmjnsbnzweDmDe4l1xNc55+H1o/zxhS2TXltGpqB9B4rzF6O/IybQ6FXqOylGB3jhcx5jy/8oHyuHh/ExBLrYtxZrAgP3/6AfGYWXXirV9VjAEI/AjDVc5wvkYH8aaZDc2bJCf2LcSgAgTpghDcaySxJ/7c9Zw2Kpcba0mXcqwUxIkAJQs6uHgs7DVTmAfh0O4jeX6Uwe/Fv9fUHZkem8RT326Za2KqY7ipdSl9iNJQz6Q8GO6FHC7AY2bZEObi6oq18zhHmcvPZ4jD9c6CwWpwAHzMtWv+dmBb2h7A0zr8u4JzYyS4FVpyLgVx8dCYjmSkUju1NsdHZweX5kF9PkPaT6V6Qjso9Zma+7BBYkyEN8ptaiz0qAG+YWeCU+/zExzvVN79VvQRlOjEJje8Jq/8aQz/oVrRMEIQfWNrM1LVIOOZtKuB7m2FocNiG9O3NiTN+kDBKnPywHpy3AfOcTgdODEzPYV1uahrj4/NYCznotTk= devpiotr@MacBook-Air-Piotr.local"
      + tags_all        = (known after apply)
    }

  # module.iam.aws_iam_instance_profile.elasticsearch will be created
  + resource "aws_iam_instance_profile" "elasticsearch" {
      + arn         = (known after apply)
      + create_date = (known after apply)
      + id          = (known after apply)
      + name        = "elk_profile"
      + name_prefix = (known after apply)
      + path        = "/"
      + role        = "elk_role"
      + tags_all    = (known after apply)
      + unique_id   = (known after apply)
    }

  # module.iam.aws_iam_role.elasticsearch will be created
  + resource "aws_iam_role" "elasticsearch" {
      + arn                   = (known after apply)
      + assume_role_policy    = jsonencode(
            {
              + Statement = [
                  + {
                      + Action    = "sts:AssumeRole"
                      + Effect    = "Allow"
                      + Principal = {
                          + Service = [
                              + "ec2.amazonaws.com",
                            ]
                        }
                    },
                ]
              + Version   = "2008-10-17"
            }
        )
      + create_date           = (known after apply)
      + force_detach_policies = false
      + id                    = (known after apply)
      + managed_policy_arns   = (known after apply)
      + max_session_duration  = 3600
      + name                  = "elk_role"
      + name_prefix           = (known after apply)
      + path                  = "/"
      + tags_all              = (known after apply)
      + unique_id             = (known after apply)
    }

  # module.iam.aws_iam_role_policy.elasticsearch will be created
  + resource "aws_iam_role_policy" "elasticsearch" {
      + id     = (known after apply)
      + name   = "elk_policy"
      + policy = jsonencode(
            {
              + Statement = [
                  + {
                      + Action   = [
                          + "ec2:DescribeInstances",
                        ]
                      + Effect   = "Allow"
                      + Resource = [
                          + "*",
                        ]
                    },
                ]
              + Version   = "2012-10-17"
            }
        )
      + role   = (known after apply)
    }

  # module.network.aws_eip.nat_ip will be created
  + resource "aws_eip" "nat_ip" {
      + allocation_id        = (known after apply)
      + association_id       = (known after apply)
      + carrier_ip           = (known after apply)
      + customer_owned_ip    = (known after apply)
      + domain               = (known after apply)
      + id                   = (known after apply)
      + instance             = (known after apply)
      + network_border_group = (known after apply)
      + network_interface    = (known after apply)
      + private_dns          = (known after apply)
      + private_ip           = (known after apply)
      + public_dns           = (known after apply)
      + public_ip            = (known after apply)
      + public_ipv4_pool     = (known after apply)
      + tags_all             = (known after apply)
      + vpc                  = (known after apply)
    }

  # module.network.aws_internet_gateway.elk_gateway will be created
  + resource "aws_internet_gateway" "elk_gateway" {
      + arn      = (known after apply)
      + id       = (known after apply)
      + owner_id = (known after apply)
      + tags     = {
          + "Name" = "ELK Gateway"
        }
      + tags_all = {
          + "Name" = "ELK Gateway"
        }
      + vpc_id   = (known after apply)
    }

  # module.network.aws_nat_gateway.elk_nat will be created
  + resource "aws_nat_gateway" "elk_nat" {
      + allocation_id        = (known after apply)
      + association_id       = (known after apply)
      + connectivity_type    = "public"
      + id                   = (known after apply)
      + network_interface_id = (known after apply)
      + private_ip           = (known after apply)
      + public_ip            = (known after apply)
      + subnet_id            = (known after apply)
      + tags_all             = (known after apply)
    }

  # module.network.aws_route.private_access will be created
  + resource "aws_route" "private_access" {
      + destination_cidr_block = "0.0.0.0/0"
      + gateway_id             = (known after apply)
      + id                     = (known after apply)
      + instance_id            = (known after apply)
      + instance_owner_id      = (known after apply)
      + network_interface_id   = (known after apply)
      + origin                 = (known after apply)
      + route_table_id         = (known after apply)
      + state                  = (known after apply)
    }

  # module.network.aws_route.public_access will be created
  + resource "aws_route" "public_access" {
      + destination_cidr_block = "0.0.0.0/0"
      + gateway_id             = (known after apply)
      + id                     = (known after apply)
      + instance_id            = (known after apply)
      + instance_owner_id      = (known after apply)
      + network_interface_id   = (known after apply)
      + origin                 = (known after apply)
      + route_table_id         = (known after apply)
      + state                  = (known after apply)
    }

  # module.network.aws_route_table.elk_route will be created
  + resource "aws_route_table" "elk_route" {
      + arn              = (known after apply)
      + id               = (known after apply)
      + owner_id         = (known after apply)
      + propagating_vgws = (known after apply)
      + route            = (known after apply)
      + tags             = {
          + "Name" = "Private route table"
        }
      + tags_all         = {
          + "Name" = "Private route table"
        }
      + vpc_id           = (known after apply)
    }

  # module.network.aws_route_table_association.private_subnet_association will be created
  + resource "aws_route_table_association" "private_subnet_association" {
      + id             = (known after apply)
      + route_table_id = (known after apply)
      + subnet_id      = (known after apply)
    }

  # module.network.aws_route_table_association.public_subnet_association will be created
  + resource "aws_route_table_association" "public_subnet_association" {
      + id             = (known after apply)
      + route_table_id = (known after apply)
      + subnet_id      = (known after apply)
    }

  # module.network.aws_subnet.private_subnet will be created
  + resource "aws_subnet" "private_subnet" {
      + arn                                            = (known after apply)
      + assign_ipv6_address_on_creation                = false
      + availability_zone                              = (known after apply)
      + availability_zone_id                           = (known after apply)
      + cidr_block                                     = "10.0.2.0/24"
      + enable_dns64                                   = false
      + enable_resource_name_dns_a_record_on_launch    = false
      + enable_resource_name_dns_aaaa_record_on_launch = false
      + id                                             = (known after apply)
      + ipv6_cidr_block_association_id                 = (known after apply)
      + ipv6_native                                    = false
      + map_public_ip_on_launch                        = false
      + owner_id                                       = (known after apply)
      + private_dns_hostname_type_on_launch            = (known after apply)
      + tags                                           = {
          + "Name" = "Private subnet"
        }
      + tags_all                                       = {
          + "Name" = "Private subnet"
        }
      + vpc_id                                         = (known after apply)
    }

  # module.network.aws_subnet.public_subnet will be created
  + resource "aws_subnet" "public_subnet" {
      + arn                                            = (known after apply)
      + assign_ipv6_address_on_creation                = false
      + availability_zone                              = (known after apply)
      + availability_zone_id                           = (known after apply)
      + cidr_block                                     = "10.0.1.0/24"
      + enable_dns64                                   = false
      + enable_resource_name_dns_a_record_on_launch    = false
      + enable_resource_name_dns_aaaa_record_on_launch = false
      + id                                             = (known after apply)
      + ipv6_cidr_block_association_id                 = (known after apply)
      + ipv6_native                                    = false
      + map_public_ip_on_launch                        = true
      + owner_id                                       = (known after apply)
      + private_dns_hostname_type_on_launch            = (known after apply)
      + tags                                           = {
          + "Name" = "Public subnet"
        }
      + tags_all                                       = {
          + "Name" = "Public subnet"
        }
      + vpc_id                                         = (known after apply)
    }

  # module.network.aws_vpc.elk_vpc will be created
  + resource "aws_vpc" "elk_vpc" {
      + arn                                  = (known after apply)
      + cidr_block                           = "10.0.0.0/16"
      + default_network_acl_id               = (known after apply)
      + default_route_table_id               = (known after apply)
      + default_security_group_id            = (known after apply)
      + dhcp_options_id                      = (known after apply)
      + enable_classiclink                   = (known after apply)
      + enable_classiclink_dns_support       = (known after apply)
      + enable_dns_hostnames                 = true
      + enable_dns_support                   = true
      + enable_network_address_usage_metrics = (known after apply)
      + id                                   = (known after apply)
      + instance_tenancy                     = "default"
      + ipv6_association_id                  = (known after apply)
      + ipv6_cidr_block                      = (known after apply)
      + ipv6_cidr_block_network_border_group = (known after apply)
      + main_route_table_id                  = (known after apply)
      + owner_id                             = (known after apply)
      + tags                                 = {
          + "Name" = "ELK VPC"
        }
      + tags_all                             = {
          + "Name" = "ELK VPC"
        }
    }

  # module.security.aws_security_group.elasticsearch will be created
  + resource "aws_security_group" "elasticsearch" {
      + arn                    = (known after apply)
      + description            = "Security group for elasticsearch cluster"
      + egress                 = [
          + {
              + cidr_blocks      = [
                  + "0.0.0.0/0",
                ]
              + description      = ""
              + from_port        = 0
              + ipv6_cidr_blocks = []
              + prefix_list_ids  = []
              + protocol         = "-1"
              + security_groups  = []
              + self             = false
              + to_port          = 0
            },
        ]
      + id                     = (known after apply)
      + ingress                = [
          + {
              + cidr_blocks      = [
                  + "10.0.2.0/24",
                  + "10.0.1.0/24",
                ]
              + description      = ""
              + from_port        = 9200
              + ipv6_cidr_blocks = []
              + prefix_list_ids  = []
              + protocol         = "tcp"
              + security_groups  = []
              + self             = false
              + to_port          = 9400
            },
        ]
      + name                   = "elasticsearch_security_group"
      + name_prefix            = (known after apply)
      + owner_id               = (known after apply)
      + revoke_rules_on_delete = false
      + tags                   = {
          + "Name" = "Elasticsearch default security groups"
        }
      + tags_all               = {
          + "Name" = "Elasticsearch default security groups"
        }
      + vpc_id                 = (known after apply)
    }

  # module.security.aws_security_group.elk_sc_default will be created
  + resource "aws_security_group" "elk_sc_default" {
      + arn                    = (known after apply)
      + description            = "Main security group for instances in public subnet"
      + egress                 = [
          + {
              + cidr_blocks      = [
                  + "0.0.0.0/0",
                ]
              + description      = ""
              + from_port        = 0
              + ipv6_cidr_blocks = []
              + prefix_list_ids  = []
              + protocol         = "-1"
              + security_groups  = []
              + self             = false
              + to_port          = 0
            },
        ]
      + id                     = (known after apply)
      + ingress                = [
          + {
              + cidr_blocks      = [
                  + "0.0.0.0/0",
                ]
              + description      = ""
              + from_port        = 5601
              + ipv6_cidr_blocks = []
              + prefix_list_ids  = []
              + protocol         = "tcp"
              + security_groups  = []
              + self             = false
              + to_port          = 5601
            },
        ]
      + name                   = "elk_default_security_group"
      + name_prefix            = (known after apply)
      + owner_id               = (known after apply)
      + revoke_rules_on_delete = false
      + tags                   = {
          + "Name" = "ELK default security group"
        }
      + tags_all               = {
          + "Name" = "ELK default security group"
        }
      + vpc_id                 = (known after apply)
    }

  # module.security.aws_security_group.elk_sc_esearch will be created
  + resource "aws_security_group" "elk_sc_esearch" {
      + arn                    = (known after apply)
      + description            = "Security group for Elasticsearch instance"
      + egress                 = [
          + {
              + cidr_blocks      = [
                  + "0.0.0.0/0",
                ]
              + description      = ""
              + from_port        = 0
              + ipv6_cidr_blocks = []
              + prefix_list_ids  = []
              + protocol         = "-1"
              + security_groups  = []
              + self             = false
              + to_port          = 0
            },
        ]
      + id                     = (known after apply)
      + ingress                = [
          + {
              + cidr_blocks      = [
                  + "10.0.2.0/24",
                  + "10.0.1.0/24",
                ]
              + description      = ""
              + from_port        = 0
              + ipv6_cidr_blocks = []
              + prefix_list_ids  = []
              + protocol         = "tcp"
              + security_groups  = []
              + self             = false
              + to_port          = 65535
            },
        ]
      + name                   = "elk_esearch_security_group"
      + name_prefix            = (known after apply)
      + owner_id               = (known after apply)
      + revoke_rules_on_delete = false
      + tags                   = {
          + "Name" = "ELK default security group"
        }
      + tags_all               = {
          + "Name" = "ELK default security group"
        }
      + vpc_id                 = (known after apply)
    }

Plan: 21 to add, 0 to change, 0 to destroy.

Changes to Outputs:
  + elasticsearch_ip = (known after apply)
  + kibana_url       = (known after apply)
  + logstash_ip      = (known after apply)
